
Microsoft Visual Studio Solution File, Format Version 12.00
# Visual Studio 15
Project("{FAE04EC0-301F-11D3-BF4B-00C04F79EFBC}") = "PickerItemsOnAsyncLoad", "PickerItemsOnAsyncLoad\PickerItemsOnAsyncLoad.csproj", "{FD450155-D32C-414A-9B91-9CFE0F5793C5}"
EndProject
Global
	GlobalSection(SolutionConfigurationPlatforms) = preSolution
		Debug|iPhoneSimulator = Debug|iPhoneSimulator
		Release|iPhone = Release|iPhone
		Release|iPhoneSimulator = Release|iPhoneSimulator
		Debug|iPhone = Debug|iPhone
	EndGlobalSection
	GlobalSection(ProjectConfigurationPlatforms) = postSolution
		{FD450155-D32C-414A-9B91-9CFE0F5793C5}.Debug|iPhoneSimulator.ActiveCfg = Debug|iPhoneSimulator
		{FD450155-D32C-414A-9B91-9CFE0F5793C5}.Debug|iPhoneSimulator.Build.0 = Debug|iPhoneSimulator
		{FD450155-D32C-414A-9B91-9CFE0F5793C5}.Release|iPhone.ActiveCfg = Release|iPhone
		{FD450155-D32C-414A-9B91-9CFE0F5793C5}.Release|iPhone.Build.0 = Release|iPhone
		{FD450155-D32C-414A-9B91-9CFE0F5793C5}.Release|iPhoneSimulator.ActiveCfg = Release|iPhoneSimulator
		{FD450155-D32C-414A-9B91-9CFE0F5793C5}.Release|iPhoneSimulator.Build.0 = Release|iPhoneSimulator
		{FD450155-D32C-414A-9B91-9CFE0F5793C5}.Debug|iPhone.ActiveCfg = Debug|iPhone
		{FD450155-D32C-414A-9B91-9CFE0F5793C5}.Debug|iPhone.Build.0 = Debug|iPhone
	EndGlobalSection
EndGlobal
