
Microsoft Visual Studio Solution File, Format Version 12.00
# Visual Studio 15
Project("{FAE04EC0-301F-11D3-BF4B-00C04F79EFBC}") = "PickerItemsOnAsyncLoad", "PickerItemsOnAsyncLoad\PickerItemsOnAsyncLoad.csproj", "{196AFBE8-F4AF-4098-AB04-93F5A40BADEA}"
EndProject
Global
	GlobalSection(SolutionConfigurationPlatforms) = preSolution
		Debug|Any CPU = Debug|Any CPU
		Release|Any CPU = Release|Any CPU
	EndGlobalSection
	GlobalSection(ProjectConfigurationPlatforms) = postSolution
		{196AFBE8-F4AF-4098-AB04-93F5A40BADEA}.Debug|Any CPU.ActiveCfg = Debug|Any CPU
		{196AFBE8-F4AF-4098-AB04-93F5A40BADEA}.Debug|Any CPU.Build.0 = Debug|Any CPU
		{196AFBE8-F4AF-4098-AB04-93F5A40BADEA}.Release|Any CPU.ActiveCfg = Release|Any CPU
		{196AFBE8-F4AF-4098-AB04-93F5A40BADEA}.Release|Any CPU.Build.0 = Release|Any CPU
	EndGlobalSection
EndGlobal
